
Microsoft Visual Studio Solution File, Format Version 12.00
# Visual Studio Version 16
VisualStudioVersion = 16.0.30907.101
MinimumVisualStudioVersion = 10.0.40219.1
Project("{FAE04EC0-301F-11D3-BF4B-00C04F79EFBC}") = "FactorialApp", "FactorialApp\FactorialApp.csproj", "{9DEA3F1C-C837-40E9-BF57-6E3DD11E401A}"
EndProject
Global
	GlobalSection(SolutionConfigurationPlatforms) = preSolution
		Debug|Any CPU = Debug|Any CPU
		Release|Any CPU = Release|Any CPU
	EndGlobalSection
	GlobalSection(ProjectConfigurationPlatforms) = postSolution
		{9DEA3F1C-C837-40E9-BF57-6E3DD11E401A}.Debug|Any CPU.ActiveCfg = Debug|Any CPU
		{9DEA3F1C-C837-40E9-BF57-6E3DD11E401A}.Debug|Any CPU.Build.0 = Debug|Any CPU
		{9DEA3F1C-C837-40E9-BF57-6E3DD11E401A}.Release|Any CPU.ActiveCfg = Release|Any CPU
		{9DEA3F1C-C837-40E9-BF57-6E3DD11E401A}.Release|Any CPU.Build.0 = Release|Any CPU
	EndGlobalSection
	GlobalSection(SolutionProperties) = preSolution
		HideSolutionNode = FALSE
	EndGlobalSection
	GlobalSection(ExtensibilityGlobals) = postSolution
		SolutionGuid = {9A7C0649-6456-4B6D-A1B6-9544A87AAF37}
	EndGlobalSection
EndGlobal
